
Microsoft Visual Studio Solution File, Format Version 12.00
# Visual Studio Version 16
VisualStudioVersion = 16.0.31911.196
MinimumVisualStudioVersion = 10.0.40219.1
Project("{FAE04EC0-301F-11D3-BF4B-00C04F79EFBC}") = "UniversityReact.API", "UniversityReact.API\UniversityReact.API.csproj", "{7225C2C2-0762-4912-A86E-75780D8A0BE7}"
EndProject
Global
	GlobalSection(SolutionConfigurationPlatforms) = preSolution
		Debug|Any CPU = Debug|Any CPU
		Release|Any CPU = Release|Any CPU
	EndGlobalSection
	GlobalSection(ProjectConfigurationPlatforms) = postSolution
		{7225C2C2-0762-4912-A86E-75780D8A0BE7}.Debug|Any CPU.ActiveCfg = Debug|Any CPU
		{7225C2C2-0762-4912-A86E-75780D8A0BE7}.Debug|Any CPU.Build.0 = Debug|Any CPU
		{7225C2C2-0762-4912-A86E-75780D8A0BE7}.Release|Any CPU.ActiveCfg = Release|Any CPU
		{7225C2C2-0762-4912-A86E-75780D8A0BE7}.Release|Any CPU.Build.0 = Release|Any CPU
	EndGlobalSection
	GlobalSection(SolutionProperties) = preSolution
		HideSolutionNode = FALSE
	EndGlobalSection
	GlobalSection(ExtensibilityGlobals) = postSolution
		SolutionGuid = {47BA3495-BF96-409B-B7A5-D1B689EC915E}
	EndGlobalSection
EndGlobal
